Microsoft Visual Studio Solution File, Format Version 12.00
# Visual Studio 2012
Project("{FAE04EC0-301F-11D3-BF4B-00C04F79EFBC}") = "Godot-demo", "Godot-demo.csproj", "{071E5F0D-E9F8-4636-9B56-F11DFE823D01}"
EndProject
Global
	GlobalSection(SolutionConfigurationPlatforms) = preSolution
	Debug|Any CPU = Debug|Any CPU
	ExportDebug|Any CPU = ExportDebug|Any CPU
	ExportRelease|Any CPU = ExportRelease|Any CPU
	EndGlobalSection
	GlobalSection(ProjectConfigurationPlatforms) = postSolution
		{071E5F0D-E9F8-4636-9B56-F11DFE823D01}.Debug|Any CPU.ActiveCfg = Debug|Any CPU
		{071E5F0D-E9F8-4636-9B56-F11DFE823D01}.Debug|Any CPU.Build.0 = Debug|Any CPU
		{071E5F0D-E9F8-4636-9B56-F11DFE823D01}.ExportDebug|Any CPU.ActiveCfg = ExportDebug|Any CPU
		{071E5F0D-E9F8-4636-9B56-F11DFE823D01}.ExportDebug|Any CPU.Build.0 = ExportDebug|Any CPU
		{071E5F0D-E9F8-4636-9B56-F11DFE823D01}.ExportRelease|Any CPU.ActiveCfg = ExportRelease|Any CPU
		{071E5F0D-E9F8-4636-9B56-F11DFE823D01}.ExportRelease|Any CPU.Build.0 = ExportRelease|Any CPU
	EndGlobalSection
EndGlobal
